
Microsoft Visual Studio Solution File, Format Version 12.00
# Visual Studio 15
VisualStudioVersion = 15.0.27130.2010
MinimumVisualStudioVersion = 10.0.40219.1
Project("{FAE04EC0-301F-11D3-BF4B-00C04F79EFBC}") = "task_DEV-1", "task_DEV-1\task_DEV-1.csproj", "{3BDBDFE5-FAFF-4272-8ECF-0F6D1E527A62}"
EndProject
Project("{FAE04EC0-301F-11D3-BF4B-00C04F79EFBC}") = "Algorithms", "Algorithms\Algorithms.csproj", "{F3C8C7B5-A3AE-472F-AC2A-8FF26613E93F}"
EndProject
Global
	GlobalSection(SolutionConfigurationPlatforms) = preSolution
		Debug|Any CPU = Debug|Any CPU
		Release|Any CPU = Release|Any CPU
	EndGlobalSection
	GlobalSection(ProjectConfigurationPlatforms) = postSolution
		{3BDBDFE5-FAFF-4272-8ECF-0F6D1E527A62}.Debug|Any CPU.ActiveCfg = Debug|Any CPU
		{3BDBDFE5-FAFF-4272-8ECF-0F6D1E527A62}.Debug|Any CPU.Build.0 = Debug|Any CPU
		{3BDBDFE5-FAFF-4272-8ECF-0F6D1E527A62}.Release|Any CPU.ActiveCfg = Release|Any CPU
		{3BDBDFE5-FAFF-4272-8ECF-0F6D1E527A62}.Release|Any CPU.Build.0 = Release|Any CPU
		{F3C8C7B5-A3AE-472F-AC2A-8FF26613E93F}.Debug|Any CPU.ActiveCfg = Debug|Any CPU
		{F3C8C7B5-A3AE-472F-AC2A-8FF26613E93F}.Debug|Any CPU.Build.0 = Debug|Any CPU
		{F3C8C7B5-A3AE-472F-AC2A-8FF26613E93F}.Release|Any CPU.ActiveCfg = Release|Any CPU
		{F3C8C7B5-A3AE-472F-AC2A-8FF26613E93F}.Release|Any CPU.Build.0 = Release|Any CPU
	EndGlobalSection
	GlobalSection(SolutionProperties) = preSolution
		HideSolutionNode = FALSE
	EndGlobalSection
	GlobalSection(ExtensibilityGlobals) = postSolution
		SolutionGuid = {F9E8A2A2-1172-4F8A-BCF6-BACF51CBABE3}
	EndGlobalSection
EndGlobal
